# THIS IS AN AUTOGENERATED FILE. DO NOT EDIT THIS FILE DIRECTLY.
# yarn lockfile v1


"@babel/eslint-parser@^7.16.5":
  version "7.16.5"
  resolved "https://craigmiller160.ddns.net:30003/repository/npm-group/@babel/eslint-parser/-/eslint-parser-7.16.5.tgz#48d3485091d6e36915358e4c0d0b2ebe6da90462"
  integrity sha512-mUqYa46lgWqHKQ33Q6LNCGp/wPR3eqOYTUixHFsfrSQqRxH0+WOzca75iEjFr5RDGH1dDz622LaHhLOzOuQRUA==
  dependencies:
    eslint-scope "^5.1.1"
    eslint-visitor-keys "^2.1.0"
    semver "^6.3.0"

acorn-jsx@^5.3.1:
  version "5.3.2"
  resolved "https://craigmiller160.ddns.net:30003/repository/npm-group/acorn-jsx/-/acorn-jsx-5.3.2.tgz#7ed5bb55908b3b2f1bc55c6af1653bada7f07937"
  integrity sha512-rq9s+JNhf0IChjtDXxllJ7g41oZk5SlXtp0LHwyA5cejwn7vKmKp4pPri6YEePv2PU65sAsegbXtIinmDFDXgQ==

acorn@^8.6.0:
  version "8.7.0"
  resolved "https://craigmiller160.ddns.net:30003/repository/npm-group/acorn/-/acorn-8.7.0.tgz#90951fde0f8f09df93549481e5fc141445b791cf"
  integrity sha512-V/LGr1APy+PXIwKebEWrkZPwoeoF+w1jiOBUmuxuiUIaOHtob8Qc9BTrYo7VuI5fR8tqsy+buA2WFooR5olqvQ==

debug@^4.3.2:
  version "4.3.3"
  resolved "https://craigmiller160.ddns.net:30003/repository/npm-group/debug/-/debug-4.3.3.tgz#04266e0b70a98d4462e6e288e38259213332b664"
  integrity sha512-/zxw5+vh1Tfv+4Qn7a5nsbcJKPaSvCDhojn6FEl9vupwK2VCSDtEiEtqr8DFtzYFOdz63LBkxec7DYuc2jon6Q==
  dependencies:
    ms "2.1.2"

eslint-plugin-vue@^8.2.0:
  version "8.2.0"
  resolved "https://craigmiller160.ddns.net:30003/repository/npm-group/eslint-plugin-vue/-/eslint-plugin-vue-8.2.0.tgz#b404bc10e3f43b2b7aad4ebb3b38090a58040202"
  integrity sha512-cLIdTuOAMXyHeQ4drYKcZfoyzdwdBpH279X8/N0DgmotEI9yFKb5O/cAgoie/CkQZCH/MOmh0xw/KEfS90zY2A==
  dependencies:
    eslint-utils "^3.0.0"
    natural-compare "^1.4.0"
    semver "^7.3.5"
    vue-eslint-parser "^8.0.1"

eslint-scope@^5.1.1:
  version "5.1.1"
  resolved "https://craigmiller160.ddns.net:30003/repository/npm-group/eslint-scope/-/eslint-scope-5.1.1.tgz#e786e59a66cb92b3f6c1fb0d508aab174848f48c"
  integrity sha512-2NxwbF/hZ0KpepYN0cNbo+FN6XoK7GaHlQhgx/hIZl6Va0bF45RQOOwhLIy8lQDbuCiadSLCBnH2CFYquit5bw==
  dependencies:
    esrecurse "^4.3.0"
    estraverse "^4.1.1"

eslint-scope@^6.0.0:
  version "6.0.0"
  resolved "https://craigmiller160.ddns.net:30003/repository/npm-group/eslint-scope/-/eslint-scope-6.0.0.tgz#9cf45b13c5ac8f3d4c50f46a5121f61b3e318978"
  integrity sha512-uRDL9MWmQCkaFus8RF5K9/L/2fn+80yoW3jkD53l4shjCh26fCtvJGasxjUqP5OT87SYTxCVA3BwTUzuELx9kA==
  dependencies:
    esrecurse "^4.3.0"
    estraverse "^5.2.0"

eslint-utils@^3.0.0:
  version "3.0.0"
  resolved "https://craigmiller160.ddns.net:30003/repository/npm-group/eslint-utils/-/eslint-utils-3.0.0.tgz#8aebaface7345bb33559db0a1f13a1d2d48c3672"
  integrity sha512-uuQC43IGctw68pJA1RgbQS8/NP7rch6Cwd4j3ZBtgo4/8Flj4eGE7ZYSZRN3iq5pVUv6GPdW5Z1RFleo84uLDA==
  dependencies:
    eslint-visitor-keys "^2.0.0"

eslint-visitor-keys@^2.0.0, eslint-visitor-keys@^2.1.0:
  version "2.1.0"
  resolved "https://craigmiller160.ddns.net:30003/repository/npm-group/eslint-visitor-keys/-/eslint-visitor-keys-2.1.0.tgz#f65328259305927392c938ed44eb0a5c9b2bd303"
  integrity sha512-0rSmRBzXgDzIsD6mGdJgevzgezI534Cer5L/vyMX0kHzT/jiB43jRhd9YUlMGYLQy2zprNmoT8qasCGtY+QaKw==

eslint-visitor-keys@^3.0.0, eslint-visitor-keys@^3.1.0:
  version "3.1.0"
  resolved "https://craigmiller160.ddns.net:30003/repository/npm-group/eslint-visitor-keys/-/eslint-visitor-keys-3.1.0.tgz#eee4acea891814cda67a7d8812d9647dd0179af2"
  integrity sha512-yWJFpu4DtjsWKkt5GeNBBuZMlNcYVs6vRCLoCVEJrTjaSB6LC98gFipNK/erM2Heg/E8mIK+hXG/pJMLK+eRZA==

espree@^9.0.0:
  version "9.2.0"
  resolved "https://craigmiller160.ddns.net:30003/repository/npm-group/espree/-/espree-9.2.0.tgz#c50814e01611c2d0f8bd4daa83c369eabba80dbc"
  integrity sha512-oP3utRkynpZWF/F2x/HZJ+AGtnIclaR7z1pYPxy7NYM2fSO6LgK/Rkny8anRSPK/VwEA1eqm2squui0T7ZMOBg==
  dependencies:
    acorn "^8.6.0"
    acorn-jsx "^5.3.1"
    eslint-visitor-keys "^3.1.0"

esquery@^1.4.0:
  version "1.4.0"
  resolved "https://craigmiller160.ddns.net:30003/repository/npm-group/esquery/-/esquery-1.4.0.tgz#2148ffc38b82e8c7057dfed48425b3e61f0f24a5"
  integrity sha512-cCDispWt5vHHtwMY2YrAQ4ibFkAL8RbH5YGBnZBc90MolvvfkkQcJro/aZiAQUlQ3qgrYS6D6v8Gc5G5CQsc9w==
  dependencies:
    estraverse "^5.1.0"

esrecurse@^4.3.0:
  version "4.3.0"
  resolved "https://craigmiller160.ddns.net:30003/repository/npm-group/esrecurse/-/esrecurse-4.3.0.tgz#7ad7964d679abb28bee72cec63758b1c5d2c9921"
  integrity sha512-KmfKL3b6G+RXvP8N1vr3Tq1kL/oCFgn2NYXEtqP8/L3pKapUA4G8cFVaoF3SU323CD4XypR/ffioHmkti6/Tag==
  dependencies:
    estraverse "^5.2.0"

estraverse@^4.1.1:
  version "4.3.0"
  resolved "https://craigmiller160.ddns.net:30003/repository/npm-group/estraverse/-/estraverse-4.3.0.tgz#398ad3f3c5a24948be7725e83d11a7de28cdbd1d"
  integrity sha512-39nnKffWz8xN1BU/2c79n9nB9HDzo0niYUqx6xyqUnyoAnQyyWpOTdZEeiCch8BBu515t4wp9ZmgVfVhn9EBpw==

estraverse@^5.1.0, estraverse@^5.2.0:
  version "5.3.0"
  resolved "https://craigmiller160.ddns.net:30003/repository/npm-group/estraverse/-/estraverse-5.3.0.tgz#2eea5290702f26ab8fe5370370ff86c965d21123"
  integrity sha512-MMdARuVEQziNTeJD8DgMqmhwR11BRQ/cBP+pLtYdSTnf3MIO8fFeiINEbX36ZdNlfU/7A9f3gUw49B3oQsvwBA==

lodash@^4.17.21:
  version "4.17.21"
  resolved "https://craigmiller160.ddns.net:30003/repository/npm-group/lodash/-/lodash-4.17.21.tgz#679591c564c3bffaae8454cf0b3df370c3d6911c"
  integrity sha512-v2kDEe57lecTulaDIuNTPy3Ry4gLGJ6Z1O3vE1krgXZNrsQ+LFTGHVxVjcXPs17LhbZVGedAJv8XZ1tvj5FvSg==

lru-cache@^6.0.0:
  version "6.0.0"
  resolved "https://craigmiller160.ddns.net:30003/repository/npm-group/lru-cache/-/lru-cache-6.0.0.tgz#6d6fe6570ebd96aaf90fcad1dafa3b2566db3a94"
  integrity sha512-Jo6dJ04CmSjuznwJSS3pUeWmd/H0ffTlkXXgwZi+eq1UCmqQwCh+eLsYOYCwY991i2Fah4h1BEMCx4qThGbsiA==
  dependencies:
    yallist "^4.0.0"

ms@2.1.2:
  version "2.1.2"
  resolved "https://craigmiller160.ddns.net:30003/repository/npm-group/ms/-/ms-2.1.2.tgz#d09d1f357b443f493382a8eb3ccd183872ae6009"
  integrity sha512-sGkPx+VjMtmA6MX27oA4FBFELFCZZ4S4XqeGOXCv68tT+jb3vk/RyaKWP0PTKyWtmLSM0b+adUTEvbs1PEaH2w==

natural-compare@^1.4.0:
  version "1.4.0"
  resolved "https://craigmiller160.ddns.net:30003/repository/npm-group/natural-compare/-/natural-compare-1.4.0.tgz#4abebfeed7541f2c27acfb29bdbbd15c8d5ba4f7"
  integrity sha1-Sr6/7tdUHywnrPspvbvRXI1bpPc=

semver@^6.3.0:
  version "6.3.1"
  resolved "https://registry.yarnpkg.com/semver/-/semver-6.3.1.tgz#556d2ef8689146e46dcea4bfdd095f3434dffcb4"
  integrity sha512-BR7VvDCVHO+q2xBEWskxS6DJE1qRnb7DxzUrogb71CWoSficBxYsiAGd+Kl0mmq/MprG9yArRkyrQxTO6XjMzA==

semver@^7.3.5:
  version "7.5.4"
  resolved "https://registry.yarnpkg.com/semver/-/semver-7.5.4.tgz#483986ec4ed38e1c6c48c34894a9182dbff68a6e"
  integrity sha512-1bCSESV6Pv+i21Hvpxp3Dx+pSD8lIPt8uVjRrxAUt/nbswYc+tK6Y2btiULjd4+fnq15PX+nqQDC7Oft7WkwcA==
  dependencies:
    lru-cache "^6.0.0"

vue-eslint-parser@^8.0.1:
  version "8.0.1"
  resolved "https://craigmiller160.ddns.net:30003/repository/npm-group/vue-eslint-parser/-/vue-eslint-parser-8.0.1.tgz#25e08b20a414551531f3e19f999902e1ecf45f13"
  integrity sha512-lhWjDXJhe3UZw2uu3ztX51SJAPGPey1Tff2RK3TyZURwbuI4vximQLzz4nQfCv8CZq4xx7uIiogHMMoSJPr33A==
  dependencies:
    debug "^4.3.2"
    eslint-scope "^6.0.0"
    eslint-visitor-keys "^3.0.0"
    espree "^9.0.0"
    esquery "^1.4.0"
    lodash "^4.17.21"
    semver "^7.3.5"

yallist@^4.0.0:
  version "4.0.0"
  resolved "https://craigmiller160.ddns.net:30003/repository/npm-group/yallist/-/yallist-4.0.0.tgz#9bb92790d9c0effec63be73519e11a35019a3a72"
  integrity sha512-3wdGidZyq5PB084XLES5TpOSRA3wjXAlIWMhum2kRcv/41Sn2emQ0dycQW4uZXLejwKvg6EsvbdlVL+FYEct7A==
